
Microsoft Visual Studio Solution File, Format Version 12.00
# Visual Studio Version 17
VisualStudioVersion = 17.0.31919.166
MinimumVisualStudioVersion = 10.0.40219.1
Project("{2150E333-8FDC-42A3-9474-1A3956D46DE8}") = "1. Enterprise Business Rules", "1. Enterprise Business Rules", "{95F01725-EE0F-4C5C-896F-8C6AB6F735CF}"
EndProject
Project("{2150E333-8FDC-42A3-9474-1A3956D46DE8}") = "2. Application Business Rules", "2. Application Business Rules", "{CA475E32-F4C2-40B4-AC35-3FC488BC3D7D}"
EndProject
Project("{2150E333-8FDC-42A3-9474-1A3956D46DE8}") = "3. Interface Adapters", "3. Interface Adapters", "{2F266F34-AD1B-405D-BD02-00933458F7C4}"
EndProject
Project("{2150E333-8FDC-42A3-9474-1A3956D46DE8}") = "4. Frameworks And Drivers", "4. Frameworks And Drivers", "{B8D3663A-03C2-4840-9370-A4428E32D3CE}"
EndProject
Project("{9A19103F-16F7-4668-BE54-9A1E7A4F7556}") = "NorthWind.Sales.BusinessObjects", "NorthWind.Sales.BusinessObjects\NorthWind.Sales.BusinessObjects.csproj", "{2D06C356-5460-42F7-8EDD-ACDFD2AF80A5}"
EndProject
Project("{9A19103F-16F7-4668-BE54-9A1E7A4F7556}") = "NorthWind.Sales.Controllers", "NorthWind.Sales.Controllers\NorthWind.Sales.Controllers.csproj", "{FB425EE4-0CA9-48FC-9B26-76B6240522E0}"
EndProject
Project("{2150E333-8FDC-42A3-9474-1A3956D46DE8}") = "Tests", "Tests", "{FAEE472A-27A9-43A1-8F8C-BF5DCF6603E6}"
EndProject
Project("{2150E333-8FDC-42A3-9474-1A3956D46DE8}") = "3. Interface Adapters", "3. Interface Adapters", "{1224566E-CF35-42EB-B423-B21E7218FD0C}"
EndProject
Project("{9A19103F-16F7-4668-BE54-9A1E7A4F7556}") = "NorthWind.Sales.Controllers.Tests", "NorthWind.Sales.Controllers.Tests\NorthWind.Sales.Controllers.Tests.csproj", "{1DCC3211-E79B-43C8-B246-BF218F16C15D}"
EndProject
Project("{9A19103F-16F7-4668-BE54-9A1E7A4F7556}") = "NorthWind.Entities", "NorthWind.Entities\NorthWind.Entities.csproj", "{D748745B-BF54-4921-8038-0C454EA51143}"
EndProject
Project("{9A19103F-16F7-4668-BE54-9A1E7A4F7556}") = "NorthWind.Sales.UseCases", "NorthWind.Sales.UseCases\NorthWind.Sales.UseCases.csproj", "{18414B03-A153-43E8-94C5-74D7552801AB}"
EndProject
Project("{2150E333-8FDC-42A3-9474-1A3956D46DE8}") = "Gateways", "Gateways", "{70748C09-F8E8-424E-8B7C-0AAA4D010226}"
EndProject
Project("{2150E333-8FDC-42A3-9474-1A3956D46DE8}") = "Repositories", "Repositories", "{7FB239F3-AE48-4F03-99FB-445FD401B45D}"
EndProject
Project("{9A19103F-16F7-4668-BE54-9A1E7A4F7556}") = "NorthWind.EfCore.Repositories", "NorthWind.EfCore.Repositories\NorthWind.EfCore.Repositories.csproj", "{905F91D5-3CB6-4715-A342-19AC54359CD2}"
EndProject
Project("{2150E333-8FDC-42A3-9474-1A3956D46DE8}") = "Presenters", "Presenters", "{58C2893B-8A07-4B7D-8540-C2E747034756}"
EndProject
Project("{9A19103F-16F7-4668-BE54-9A1E7A4F7556}") = "NorthWind.Sales.Presenters", "NorthWind.Sales.Presenters\NorthWind.Sales.Presenters.csproj", "{86B0D8C4-6834-4E87-A5DC-A2322C7E8A33}"
EndProject
Project("{2150E333-8FDC-42A3-9474-1A3956D46DE8}") = "Controllers", "Controllers", "{D1B38DAE-BEF9-4A43-A40A-B67A00B4C9AC}"
EndProject
Project("{9A19103F-16F7-4668-BE54-9A1E7A4F7556}") = "NorthWind.Sales.IoC", "NorthWind.Sales.IoC\NorthWind.Sales.IoC.csproj", "{B64E85C2-23E0-4ABA-BEA0-A98010E953F1}"
EndProject
Project("{2150E333-8FDC-42A3-9474-1A3956D46DE8}") = "UIs", "UIs", "{53AC0F8E-7996-466C-B414-3A468A5CB278}"
EndProject
Project("{9A19103F-16F7-4668-BE54-9A1E7A4F7556}") = "NorthWind.Sales.WebApi", "NorthWind.Sales.WebApi\NorthWind.Sales.WebApi.csproj", "{C6DB800D-3575-4024-B5C0-3B582C7E0F50}"
EndProject
Project("{9A19103F-16F7-4668-BE54-9A1E7A4F7556}") = "NorthWind.Sales.WebApiGateway", "NorthWind.Sales.WebApiGateway\NorthWind.Sales.WebApiGateway.csproj", "{BBAD7272-6CCB-4C3D-9B28-276887A60113}"
EndProject
Project("{9A19103F-16F7-4668-BE54-9A1E7A4F7556}") = "NorthWind.Sales.Validators", "NorthWind.Sales.Validators\NorthWind.Sales.Validators.csproj", "{7BB1DCDB-40EB-47DD-B55A-CFE0F0381775}"
EndProject
Project("{FAE04EC0-301F-11D3-BF4B-00C04F79EFBC}") = "NorthWind.Sales.Client.Blazor", "NorthWind.Sales.Client.Blazor\NorthWind.Sales.Client.Blazor.csproj", "{41843BA8-AC71-4242-9AED-732C5012FC8F}"
EndProject
Global
	GlobalSection(SolutionConfigurationPlatforms) = preSolution
		Debug|Any CPU = Debug|Any CPU
		Release|Any CPU = Release|Any CPU
	EndGlobalSection
	GlobalSection(ProjectConfigurationPlatforms) = postSolution
		{2D06C356-5460-42F7-8EDD-ACDFD2AF80A5}.Debug|Any CPU.ActiveCfg = Debug|Any CPU
		{2D06C356-5460-42F7-8EDD-ACDFD2AF80A5}.Debug|Any CPU.Build.0 = Debug|Any CPU
		{2D06C356-5460-42F7-8EDD-ACDFD2AF80A5}.Release|Any CPU.ActiveCfg = Release|Any CPU
		{2D06C356-5460-42F7-8EDD-ACDFD2AF80A5}.Release|Any CPU.Build.0 = Release|Any CPU
		{FB425EE4-0CA9-48FC-9B26-76B6240522E0}.Debug|Any CPU.ActiveCfg = Debug|Any CPU
		{FB425EE4-0CA9-48FC-9B26-76B6240522E0}.Debug|Any CPU.Build.0 = Debug|Any CPU
		{FB425EE4-0CA9-48FC-9B26-76B6240522E0}.Release|Any CPU.ActiveCfg = Release|Any CPU
		{FB425EE4-0CA9-48FC-9B26-76B6240522E0}.Release|Any CPU.Build.0 = Release|Any CPU
		{1DCC3211-E79B-43C8-B246-BF218F16C15D}.Debug|Any CPU.ActiveCfg = Debug|Any CPU
		{1DCC3211-E79B-43C8-B246-BF218F16C15D}.Debug|Any CPU.Build.0 = Debug|Any CPU
		{1DCC3211-E79B-43C8-B246-BF218F16C15D}.Release|Any CPU.ActiveCfg = Release|Any CPU
		{1DCC3211-E79B-43C8-B246-BF218F16C15D}.Release|Any CPU.Build.0 = Release|Any CPU
		{D748745B-BF54-4921-8038-0C454EA51143}.Debug|Any CPU.ActiveCfg = Debug|Any CPU
		{D748745B-BF54-4921-8038-0C454EA51143}.Debug|Any CPU.Build.0 = Debug|Any CPU
		{D748745B-BF54-4921-8038-0C454EA51143}.Release|Any CPU.ActiveCfg = Release|Any CPU
		{D748745B-BF54-4921-8038-0C454EA51143}.Release|Any CPU.Build.0 = Release|Any CPU
		{18414B03-A153-43E8-94C5-74D7552801AB}.Debug|Any CPU.ActiveCfg = Debug|Any CPU
		{18414B03-A153-43E8-94C5-74D7552801AB}.Debug|Any CPU.Build.0 = Debug|Any CPU
		{18414B03-A153-43E8-94C5-74D7552801AB}.Release|Any CPU.ActiveCfg = Release|Any CPU
		{18414B03-A153-43E8-94C5-74D7552801AB}.Release|Any CPU.Build.0 = Release|Any CPU
		{905F91D5-3CB6-4715-A342-19AC54359CD2}.Debug|Any CPU.ActiveCfg = Debug|Any CPU
		{905F91D5-3CB6-4715-A342-19AC54359CD2}.Debug|Any CPU.Build.0 = Debug|Any CPU
		{905F91D5-3CB6-4715-A342-19AC54359CD2}.Release|Any CPU.ActiveCfg = Release|Any CPU
		{905F91D5-3CB6-4715-A342-19AC54359CD2}.Release|Any CPU.Build.0 = Release|Any CPU
		{86B0D8C4-6834-4E87-A5DC-A2322C7E8A33}.Debug|Any CPU.ActiveCfg = Debug|Any CPU
		{86B0D8C4-6834-4E87-A5DC-A2322C7E8A33}.Debug|Any CPU.Build.0 = Debug|Any CPU
		{86B0D8C4-6834-4E87-A5DC-A2322C7E8A33}.Release|Any CPU.ActiveCfg = Release|Any CPU
		{86B0D8C4-6834-4E87-A5DC-A2322C7E8A33}.Release|Any CPU.Build.0 = Release|Any CPU
		{B64E85C2-23E0-4ABA-BEA0-A98010E953F1}.Debug|Any CPU.ActiveCfg = Debug|Any CPU
		{B64E85C2-23E0-4ABA-BEA0-A98010E953F1}.Debug|Any CPU.Build.0 = Debug|Any CPU
		{B64E85C2-23E0-4ABA-BEA0-A98010E953F1}.Release|Any CPU.ActiveCfg = Release|Any CPU
		{B64E85C2-23E0-4ABA-BEA0-A98010E953F1}.Release|Any CPU.Build.0 = Release|Any CPU
		{C6DB800D-3575-4024-B5C0-3B582C7E0F50}.Debug|Any CPU.ActiveCfg = Debug|Any CPU
		{C6DB800D-3575-4024-B5C0-3B582C7E0F50}.Debug|Any CPU.Build.0 = Debug|Any CPU
		{C6DB800D-3575-4024-B5C0-3B582C7E0F50}.Release|Any CPU.ActiveCfg = Release|Any CPU
		{C6DB800D-3575-4024-B5C0-3B582C7E0F50}.Release|Any CPU.Build.0 = Release|Any CPU
		{BBAD7272-6CCB-4C3D-9B28-276887A60113}.Debug|Any CPU.ActiveCfg = Debug|Any CPU
		{BBAD7272-6CCB-4C3D-9B28-276887A60113}.Debug|Any CPU.Build.0 = Debug|Any CPU
		{BBAD7272-6CCB-4C3D-9B28-276887A60113}.Release|Any CPU.ActiveCfg = Release|Any CPU
		{BBAD7272-6CCB-4C3D-9B28-276887A60113}.Release|Any CPU.Build.0 = Release|Any CPU
		{7BB1DCDB-40EB-47DD-B55A-CFE0F0381775}.Debug|Any CPU.ActiveCfg = Debug|Any CPU
		{7BB1DCDB-40EB-47DD-B55A-CFE0F0381775}.Debug|Any CPU.Build.0 = Debug|Any CPU
		{7BB1DCDB-40EB-47DD-B55A-CFE0F0381775}.Release|Any CPU.ActiveCfg = Release|Any CPU
		{7BB1DCDB-40EB-47DD-B55A-CFE0F0381775}.Release|Any CPU.Build.0 = Release|Any CPU
		{41843BA8-AC71-4242-9AED-732C5012FC8F}.Debug|Any CPU.ActiveCfg = Debug|Any CPU
		{41843BA8-AC71-4242-9AED-732C5012FC8F}.Debug|Any CPU.Build.0 = Debug|Any CPU
		{41843BA8-AC71-4242-9AED-732C5012FC8F}.Release|Any CPU.ActiveCfg = Release|Any CPU
		{41843BA8-AC71-4242-9AED-732C5012FC8F}.Release|Any CPU.Build.0 = Release|Any CPU
	EndGlobalSection
	GlobalSection(SolutionProperties) = preSolution
		HideSolutionNode = FALSE
	EndGlobalSection
	GlobalSection(NestedProjects) = preSolution
		{2D06C356-5460-42F7-8EDD-ACDFD2AF80A5} = {CA475E32-F4C2-40B4-AC35-3FC488BC3D7D}
		{FB425EE4-0CA9-48FC-9B26-76B6240522E0} = {D1B38DAE-BEF9-4A43-A40A-B67A00B4C9AC}
		{1224566E-CF35-42EB-B423-B21E7218FD0C} = {FAEE472A-27A9-43A1-8F8C-BF5DCF6603E6}
		{1DCC3211-E79B-43C8-B246-BF218F16C15D} = {1224566E-CF35-42EB-B423-B21E7218FD0C}
		{D748745B-BF54-4921-8038-0C454EA51143} = {95F01725-EE0F-4C5C-896F-8C6AB6F735CF}
		{18414B03-A153-43E8-94C5-74D7552801AB} = {CA475E32-F4C2-40B4-AC35-3FC488BC3D7D}
		{70748C09-F8E8-424E-8B7C-0AAA4D010226} = {2F266F34-AD1B-405D-BD02-00933458F7C4}
		{7FB239F3-AE48-4F03-99FB-445FD401B45D} = {70748C09-F8E8-424E-8B7C-0AAA4D010226}
		{905F91D5-3CB6-4715-A342-19AC54359CD2} = {7FB239F3-AE48-4F03-99FB-445FD401B45D}
		{58C2893B-8A07-4B7D-8540-C2E747034756} = {2F266F34-AD1B-405D-BD02-00933458F7C4}
		{86B0D8C4-6834-4E87-A5DC-A2322C7E8A33} = {58C2893B-8A07-4B7D-8540-C2E747034756}
		{D1B38DAE-BEF9-4A43-A40A-B67A00B4C9AC} = {2F266F34-AD1B-405D-BD02-00933458F7C4}
		{B64E85C2-23E0-4ABA-BEA0-A98010E953F1} = {2F266F34-AD1B-405D-BD02-00933458F7C4}
		{53AC0F8E-7996-466C-B414-3A468A5CB278} = {B8D3663A-03C2-4840-9370-A4428E32D3CE}
		{C6DB800D-3575-4024-B5C0-3B582C7E0F50} = {53AC0F8E-7996-466C-B414-3A468A5CB278}
		{BBAD7272-6CCB-4C3D-9B28-276887A60113} = {70748C09-F8E8-424E-8B7C-0AAA4D010226}
		{7BB1DCDB-40EB-47DD-B55A-CFE0F0381775} = {CA475E32-F4C2-40B4-AC35-3FC488BC3D7D}
		{41843BA8-AC71-4242-9AED-732C5012FC8F} = {53AC0F8E-7996-466C-B414-3A468A5CB278}
	EndGlobalSection
	GlobalSection(ExtensibilityGlobals) = postSolution
		SolutionGuid = {7A52D7AE-837D-46AE-BA48-236598CA4FED}
	EndGlobalSection
EndGlobal
